// !$*UTF8*$!
{
	archiveVersion = 1;
	classes = {
	};
	objectVersion = 56;
	objects = {

/* Begin PBXBuildFile section */
		93F5F2512C8D55810031C0B0 /* Feet_TogetherApp.swift in Sources */ = {isa = PBXBuildFile; fileRef = 93F5F2502C8D55810031C0B0 /* Feet_TogetherApp.swift */; };
		93F5F2532C8D55810031C0B0 /* Persistence.swift in Sources */ = {isa = PBXBuildFile; fileRef = 93F5F2522C8D55810031C0B0 /* Persistence.swift */; };
		93F5F2562C8D55810031C0B0 /* Feet_Together.xcdatamodeld in Sources */ = {isa = PBXBuildFile; fileRef = 93F5F2542C8D55810031C0B0 /* Feet_Together.xcdatamodeld */; };
		93F5F2582C8D55810031C0B0 /* ContentView.swift in Sources */ = {isa = PBXBuildFile; fileRef = 93F5F2572C8D55810031C0B0 /* ContentView.swift */; };
		93F5F25A2C8D55820031C0B0 /* Assets.xcassets in Resources */ = {isa = PBXBuildFile; fileRef = 93F5F2592C8D55820031C0B0 /* Assets.xcassets */; };
		93F5F25E2C8D55820031C0B0 /* Preview Assets.xcassets in Resources */ = {isa = PBXBuildFile; fileRef = 93F5F25D2C8D55820031C0B0 /* Preview Assets.xcassets */; };
		93F5F2682C8D55820031C0B0 /* Feet_TogetherTests.swift in Sources */ = {isa = PBXBuildFile; fileRef = 93F5F2672C8D55820031C0B0 /* Feet_TogetherTests.swift */; };
		93F5F2722C8D55820031C0B0 /* Feet_TogetherUITests.swift in Sources */ = {isa = PBXBuildFile; fileRef = 93F5F2712C8D55820031C0B0 /* Feet_TogetherUITests.swift */; };
		93F5F2742C8D55820031C0B0 /* Feet_TogetherUITestsLaunchTests.swift in Sources */ = {isa = PBXBuildFile; fileRef = 93F5F2732C8D55820031C0B0 /* Feet_TogetherUITestsLaunchTests.swift */; };
		93F5F2812C8D57E80031C0B0 /* TrainingSession.swift in Sources */ = {isa = PBXBuildFile; fileRef = 93F5F2802C8D57E80031C0B0 /* TrainingSession.swift */; };
		93F5F2832C8D58100031C0B0 /* Techniques.swift in Sources */ = {isa = PBXBuildFile; fileRef = 93F5F2822C8D58100031C0B0 /* Techniques.swift */; };
		93F5F2852C8D584B0031C0B0 /* TrainingSessionsView.swift in Sources */ = {isa = PBXBuildFile; fileRef = 93F5F2842C8D584B0031C0B0 /* TrainingSessionsView.swift */; };
		93F5F2872C8D58750031C0B0 /* StartTrainingView.swift in Sources */ = {isa = PBXBuildFile; fileRef = 93F5F2862C8D58750031C0B0 /* StartTrainingView.swift */; };
		93F5F2892C8D589B0031C0B0 /* iPhoneSessionManager.swift in Sources */ = {isa = PBXBuildFile; fileRef = 93F5F2882C8D589B0031C0B0 /* iPhoneSessionManager.swift */; };
		93F5F28B2C8D58C10031C0B0 /* ModifyTrainingSessionsView.swift in Sources */ = {isa = PBXBuildFile; fileRef = 93F5F28A2C8D58C10031C0B0 /* ModifyTrainingSessionsView.swift */; };
		93F5F28D2C8D58EB0031C0B0 /* EditSessionView.swift in Sources */ = {isa = PBXBuildFile; fileRef = 93F5F28C2C8D58EB0031C0B0 /* EditSessionView.swift */; };
		93F5F28F2C8D591E0031C0B0 /* TechniquesView.swift in Sources */ = {isa = PBXBuildFile; fileRef = 93F5F28E2C8D591E0031C0B0 /* TechniquesView.swift */; };
/* End PBXBuildFile section */

/* Begin PBXContainerItemProxy section */
		93F5F2642C8D55820031C0B0 /* PBXContainerItemProxy */ = {
			isa = PBXContainerItemProxy;
			containerPortal = 93F5F2452C8D55810031C0B0 /* Project object */;
			proxyType = 1;
			remoteGlobalIDString = 93F5F24C2C8D55810031C0B0;
			remoteInfo = "Feet Together";
		};
		93F5F26E2C8D55820031C0B0 /* PBXContainerItemProxy */ = {
			isa = PBXContainerItemProxy;
			containerPortal = 93F5F2452C8D55810031C0B0 /* Project object */;
			proxyType = 1;
			remoteGlobalIDString = 93F5F24C2C8D55810031C0B0;
			remoteInfo = "Feet Together";
		};
/* End PBXContainerItemProxy section */

/* Begin PBXFileReference section */
		93F5F24D2C8D55810031C0B0 /* Feet Together.app */ = {isa = PBXFileReference; explicitFileType = wrapper.application; includeInIndex = 0; path = "Feet Together.app"; sourceTree = BUILT_PRODUCTS_DIR; };
		93F5F2502C8D55810031C0B0 /* Feet_TogetherApp.swift */ = {isa = PBXFileReference; lastKnownFileType = sourcecode.swift; path = Feet_TogetherApp.swift; sourceTree = "<group>"; };
		93F5F2522C8D55810031C0B0 /* Persistence.swift */ = {isa = PBXFileReference; lastKnownFileType = sourcecode.swift; path = Persistence.swift; sourceTree = "<group>"; };
		93F5F2552C8D55810031C0B0 /* Feet_Together.xcdatamodel */ = {isa = PBXFileReference; lastKnownFileType = wrapper.xcdatamodel; path = Feet_Together.xcdatamodel; sourceTree = "<group>"; };
		93F5F2572C8D55810031C0B0 /* ContentView.swift */ = {isa = PBXFileReference; lastKnownFileType = sourcecode.swift; path = ContentView.swift; sourceTree = "<group>"; };
		93F5F2592C8D55820031C0B0 /* Assets.xcassets */ = {isa = PBXFileReference; lastKnownFileType = folder.assetcatalog; path = Assets.xcassets; sourceTree = "<group>"; };
		93F5F25B2C8D55820031C0B0 /* Feet_Together.entitlements */ = {isa = PBXFileReference; lastKnownFileType = text.plist.entitlements; path = Feet_Together.entitlements; sourceTree = "<group>"; };
		93F5F25D2C8D55820031C0B0 /* Preview Assets.xcassets */ = {isa = PBXFileReference; lastKnownFileType = folder.assetcatalog; path = "Preview Assets.xcassets"; sourceTree = "<group>"; };
		93F5F2632C8D55820031C0B0 /* Feet TogetherTests.xctest */ = {isa = PBXFileReference; explicitFileType = wrapper.cfbundle; includeInIndex = 0; path = "Feet TogetherTests.xctest"; sourceTree = BUILT_PRODUCTS_DIR; };
		93F5F2672C8D55820031C0B0 /* Feet_TogetherTests.swift */ = {isa = PBXFileReference; lastKnownFileType = sourcecode.swift; path = Feet_TogetherTests.swift; sourceTree = "<group>"; };
		93F5F26D2C8D55820031C0B0 /* Feet TogetherUITests.xctest */ = {isa = PBXFileReference; explicitFileType = wrapper.cfbundle; includeInIndex = 0; path = "Feet TogetherUITests.xctest"; sourceTree = BUILT_PRODUCTS_DIR; };
		93F5F2712C8D55820031C0B0 /* Feet_TogetherUITests.swift */ = {isa = PBXFileReference; lastKnownFileType = sourcecode.swift; path = Feet_TogetherUITests.swift; sourceTree = "<group>"; };
		93F5F2732C8D55820031C0B0 /* Feet_TogetherUITestsLaunchTests.swift */ = {isa = PBXFileReference; lastKnownFileType = sourcecode.swift; path = Feet_TogetherUITestsLaunchTests.swift; sourceTree = "<group>"; };
		93F5F2802C8D57E80031C0B0 /* TrainingSession.swift */ = {isa = PBXFileReference; lastKnownFileType = sourcecode.swift; path = TrainingSession.swift; sourceTree = "<group>"; };
		93F5F2822C8D58100031C0B0 /* Techniques.swift */ = {isa = PBXFileReference; lastKnownFileType = sourcecode.swift; path = Techniques.swift; sourceTree = "<group>"; };
		93F5F2842C8D584B0031C0B0 /* TrainingSessionsView.swift */ = {isa = PBXFileReference; lastKnownFileType = sourcecode.swift; path = TrainingSessionsView.swift; sourceTree = "<group>"; };
		93F5F2862C8D58750031C0B0 /* StartTrainingView.swift */ = {isa = PBXFileReference; lastKnownFileType = sourcecode.swift; path = StartTrainingView.swift; sourceTree = "<group>"; };
		93F5F2882C8D589B0031C0B0 /* iPhoneSessionManager.swift */ = {isa = PBXFileReference; lastKnownFileType = sourcecode.swift; path = iPhoneSessionManager.swift; sourceTree = "<group>"; };
		93F5F28A2C8D58C10031C0B0 /* ModifyTrainingSessionsView.swift */ = {isa = PBXFileReference; lastKnownFileType = sourcecode.swift; path = ModifyTrainingSessionsView.swift; sourceTree = "<group>"; };
		93F5F28C2C8D58EB0031C0B0 /* EditSessionView.swift */ = {isa = PBXFileReference; lastKnownFileType = sourcecode.swift; path = EditSessionView.swift; sourceTree = "<group>"; };
		93F5F28E2C8D591E0031C0B0 /* TechniquesView.swift */ = {isa = PBXFileReference; lastKnownFileType = sourcecode.swift; path = TechniquesView.swift; sourceTree = "<group>"; };
/* End PBXFileReference section */

/* Begin PBXFrameworksBuildPhase section */
		93F5F24A2C8D55810031C0B0 /* Frameworks */ = {
			isa = PBXFrameworksBuildPhase;
			buildActionMask = 2147483647;
			files = (
			);
			runOnlyForDeploymentPostprocessing = 0;
		};
		93F5F2602C8D55820031C0B0 /* Frameworks */ = {
			isa = PBXFrameworksBuildPhase;
			buildActionMask = 2147483647;
			files = (
			);
			runOnlyForDeploymentPostprocessing = 0;
		};
		93F5F26A2C8D55820031C0B0 /* Frameworks */ = {
			isa = PBXFrameworksBuildPhase;
			buildActionMask = 2147483647;
			files = (
			);
			runOnlyForDeploymentPostprocessing = 0;
		};
/* End PBXFrameworksBuildPhase section */

/* Begin PBXGroup section */
		93F5F2442C8D55810031C0B0 = {
			isa = PBXGroup;
			children = (
				93F5F24F2C8D55810031C0B0 /* Feet Together */,
				93F5F2662C8D55820031C0B0 /* Feet TogetherTests */,
				93F5F2702C8D55820031C0B0 /* Feet TogetherUITests */,
				93F5F24E2C8D55810031C0B0 /* Products */,
			);
			sourceTree = "<group>";
		};
		93F5F24E2C8D55810031C0B0 /* Products */ = {
			isa = PBXGroup;
			children = (
				93F5F24D2C8D55810031C0B0 /* Feet Together.app */,
				93F5F2632C8D55820031C0B0 /* Feet TogetherTests.xctest */,
				93F5F26D2C8D55820031C0B0 /* Feet TogetherUITests.xctest */,
			);
			name = Products;
			sourceTree = "<group>";
		};
		93F5F24F2C8D55810031C0B0 /* Feet Together */ = {
			isa = PBXGroup;
			children = (
				93F5F28A2C8D58C10031C0B0 /* ModifyTrainingSessionsView.swift */,
				93F5F2502C8D55810031C0B0 /* Feet_TogetherApp.swift */,
				93F5F2522C8D55810031C0B0 /* Persistence.swift */,
				93F5F2572C8D55810031C0B0 /* ContentView.swift */,
				93F5F28E2C8D591E0031C0B0 /* TechniquesView.swift */,
				93F5F28C2C8D58EB0031C0B0 /* EditSessionView.swift */,
				93F5F2842C8D584B0031C0B0 /* TrainingSessionsView.swift */,
				93F5F2862C8D58750031C0B0 /* StartTrainingView.swift */,
				93F5F2882C8D589B0031C0B0 /* iPhoneSessionManager.swift */,
				93F5F2802C8D57E80031C0B0 /* TrainingSession.swift */,
				93F5F2592C8D55820031C0B0 /* Assets.xcassets */,
				93F5F2822C8D58100031C0B0 /* Techniques.swift */,
				93F5F25B2C8D55820031C0B0 /* Feet_Together.entitlements */,
				93F5F2542C8D55810031C0B0 /* Feet_Together.xcdatamodeld */,
				93F5F25C2C8D55820031C0B0 /* Preview Content */,
			);
			path = "Feet Together";
			sourceTree = "<group>";
		};
		93F5F25C2C8D55820031C0B0 /* Preview Content */ = {
			isa = PBXGroup;
			children = (
				93F5F25D2C8D55820031C0B0 /* Preview Assets.xcassets */,
			);
			path = "Preview Content";
			sourceTree = "<group>";
		};
		93F5F2662C8D55820031C0B0 /* Feet TogetherTests */ = {
			isa = PBXGroup;
			children = (
				93F5F2672C8D55820031C0B0 /* Feet_TogetherTests.swift */,
			);
			path = "Feet TogetherTests";
			sourceTree = "<group>";
		};
		93F5F2702C8D55820031C0B0 /* Feet TogetherUITests */ = {
			isa = PBXGroup;
			children = (
				93F5F2712C8D55820031C0B0 /* Feet_TogetherUITests.swift */,
				93F5F2732C8D55820031C0B0 /* Feet_TogetherUITestsLaunchTests.swift */,
			);
			path = "Feet TogetherUITests";
			sourceTree = "<group>";
		};
/* End PBXGroup section */

/* Begin PBXNativeTarget section */
		93F5F24C2C8D55810031C0B0 /* Feet Together */ = {
			isa = PBXNativeTarget;
			buildConfigurationList = 93F5F2772C8D55820031C0B0 /* Build configuration list for PBXNativeTarget "Feet Together" */;
			buildPhases = (
				93F5F2492C8D55810031C0B0 /* Sources */,
				93F5F24A2C8D55810031C0B0 /* Frameworks */,
				93F5F24B2C8D55810031C0B0 /* Resources */,
			);
			buildRules = (
			);
			dependencies = (
			);
			name = "Feet Together";
			productName = "Feet Together";
			productReference = 93F5F24D2C8D55810031C0B0 /* Feet Together.app */;
			productType = "com.apple.product-type.application";
		};
		93F5F2622C8D55820031C0B0 /* Feet TogetherTests */ = {
			isa = PBXNativeTarget;
			buildConfigurationList = 93F5F27A2C8D55820031C0B0 /* Build configuration list for PBXNativeTarget "Feet TogetherTests" */;
			buildPhases = (
				93F5F25F2C8D55820031C0B0 /* Sources */,
				93F5F2602C8D55820031C0B0 /* Frameworks */,
				93F5F2612C8D55820031C0B0 /* Resources */,
			);
			buildRules = (
			);
			dependencies = (
				93F5F2652C8D55820031C0B0 /* PBXTargetDependency */,
			);
			name = "Feet TogetherTests";
			productName = "Feet TogetherTests";
			productReference = 93F5F2632C8D55820031C0B0 /* Feet TogetherTests.xctest */;
			productType = "com.apple.product-type.bundle.unit-test";
		};
		93F5F26C2C8D55820031C0B0 /* Feet TogetherUITests */ = {
			isa = PBXNativeTarget;
			buildConfigurationList = 93F5F27D2C8D55820031C0B0 /* Build configuration list for PBXNativeTarget "Feet TogetherUITests" */;
			buildPhases = (
				93F5F2692C8D55820031C0B0 /* Sources */,
				93F5F26A2C8D55820031C0B0 /* Frameworks */,
				93F5F26B2C8D55820031C0B0 /* Resources */,
			);
			buildRules = (
			);
			dependencies = (
				93F5F26F2C8D55820031C0B0 /* PBXTargetDependency */,
			);
			name = "Feet TogetherUITests";
			productName = "Feet TogetherUITests";
			productReference = 93F5F26D2C8D55820031C0B0 /* Feet TogetherUITests.xctest */;
			productType = "com.apple.product-type.bundle.ui-testing";
		};
/* End PBXNativeTarget section */

/* Begin PBXProject section */
		93F5F2452C8D55810031C0B0 /* Project object */ = {
			isa = PBXProject;
			attributes = {
				BuildIndependentTargetsInParallel = 1;
				LastSwiftUpdateCheck = 1540;
				LastUpgradeCheck = 1540;
				TargetAttributes = {
					93F5F24C2C8D55810031C0B0 = {
						CreatedOnToolsVersion = 15.4;
					};
					93F5F2622C8D55820031C0B0 = {
						CreatedOnToolsVersion = 15.4;
						TestTargetID = 93F5F24C2C8D55810031C0B0;
					};
					93F5F26C2C8D55820031C0B0 = {
						CreatedOnToolsVersion = 15.4;
						TestTargetID = 93F5F24C2C8D55810031C0B0;
					};
				};
			};
			buildConfigurationList = 93F5F2482C8D55810031C0B0 /* Build configuration list for PBXProject "Feet Together" */;
			compatibilityVersion = "Xcode 14.0";
			developmentRegion = en;
			hasScannedForEncodings = 0;
			knownRegions = (
				en,
				Base,
			);
			mainGroup = 93F5F2442C8D55810031C0B0;
			productRefGroup = 93F5F24E2C8D55810031C0B0 /* Products */;
			projectDirPath = "";
			projectRoot = "";
			targets = (
				93F5F24C2C8D55810031C0B0 /* Feet Together */,
				93F5F2622C8D55820031C0B0 /* Feet TogetherTests */,
				93F5F26C2C8D55820031C0B0 /* Feet TogetherUITests */,
			);
		};
/* End PBXProject section */

/* Begin PBXResourcesBuildPhase section */
		93F5F24B2C8D55810031C0B0 /* Resources */ = {
			isa = PBXResourcesBuildPhase;
			buildActionMask = 2147483647;
			files = (
				93F5F25E2C8D55820031C0B0 /* Preview Assets.xcassets in Resources */,
				93F5F25A2C8D55820031C0B0 /* Assets.xcassets in Resources */,
			);
			runOnlyForDeploymentPostprocessing = 0;
		};
		93F5F2612C8D55820031C0B0 /* Resources */ = {
			isa = PBXResourcesBuildPhase;
			buildActionMask = 2147483647;
			files = (
			);
			runOnlyForDeploymentPostprocessing = 0;
		};
		93F5F26B2C8D55820031C0B0 /* Resources */ = {
			isa = PBXResourcesBuildPhase;
			buildActionMask = 2147483647;
			files = (
			);
			runOnlyForDeploymentPostprocessing = 0;
		};
/* End PBXResourcesBuildPhase section */

/* Begin PBXSourcesBuildPhase section */
		93F5F2492C8D55810031C0B0 /* Sources */ = {
			isa = PBXSourcesBuildPhase;
			buildActionMask = 2147483647;
			files = (
				93F5F2832C8D58100031C0B0 /* Techniques.swift in Sources */,
				93F5F2562C8D55810031C0B0 /* Feet_Together.xcdatamodeld in Sources */,
				93F5F2512C8D55810031C0B0 /* Feet_TogetherApp.swift in Sources */,
				93F5F2582C8D55810031C0B0 /* ContentView.swift in Sources */,
				93F5F28D2C8D58EB0031C0B0 /* EditSessionView.swift in Sources */,
				93F5F28B2C8D58C10031C0B0 /* ModifyTrainingSessionsView.swift in Sources */,
				93F5F2812C8D57E80031C0B0 /* TrainingSession.swift in Sources */,
				93F5F2852C8D584B0031C0B0 /* TrainingSessionsView.swift in Sources */,
				93F5F2892C8D589B0031C0B0 /* iPhoneSessionManager.swift in Sources */,
				93F5F2532C8D55810031C0B0 /* Persistence.swift in Sources */,
				93F5F2872C8D58750031C0B0 /* StartTrainingView.swift in Sources */,
				93F5F28F2C8D591E0031C0B0 /* TechniquesView.swift in Sources */,
			);
			runOnlyForDeploymentPostprocessing = 0;
		};
		93F5F25F2C8D55820031C0B0 /* Sources */ = {
			isa = PBXSourcesBuildPhase;
			buildActionMask = 2147483647;
			files = (
				93F5F2682C8D55820031C0B0 /* Feet_TogetherTests.swift in Sources */,
			);
			runOnlyForDeploymentPostprocessing = 0;
		};
		93F5F2692C8D55820031C0B0 /* Sources */ = {
			isa = PBXSourcesBuildPhase;
			buildActionMask = 2147483647;
			files = (
				93F5F2742C8D55820031C0B0 /* Feet_TogetherUITestsLaunchTests.swift in Sources */,
				93F5F2722C8D55820031C0B0 /* Feet_TogetherUITests.swift in Sources */,
			);
			runOnlyForDeploymentPostprocessing = 0;
		};
/* End PBXSourcesBuildPhase section */

/* Begin PBXTargetDependency section */
		93F5F2652C8D55820031C0B0 /* PBXTargetDependency */ = {
			isa = PBXTargetDependency;
			target = 93F5F24C2C8D55810031C0B0 /* Feet Together */;
			targetProxy = 93F5F2642C8D55820031C0B0 /* PBXContainerItemProxy */;
		};
		93F5F26F2C8D55820031C0B0 /* PBXTargetDependency */ = {
			isa = PBXTargetDependency;
			target = 93F5F24C2C8D55810031C0B0 /* Feet Together */;
			targetProxy = 93F5F26E2C8D55820031C0B0 /* PBXContainerItemProxy */;
		};
/* End PBXTargetDependency section */

/* Begin XCBuildConfiguration section */
		93F5F2752C8D55820031C0B0 /* Debug */ = {
			isa = XCBuildConfiguration;
			buildSettings = {
				ALWAYS_SEARCH_USER_PATHS = NO;
				ASSETCATALOG_COMPILER_GENERATE_SWIFT_ASSET_SYMBOL_EXTENSIONS = YES;
				CLANG_ANALYZER_NONNULL = YES;
				CLANG_ANALYZER_NUMBER_OBJECT_CONVERSION = YES_AGGRESSIVE;
				CLANG_CXX_LANGUAGE_STANDARD = "gnu++20";
				CLANG_ENABLE_MODULES = YES;
				CLANG_ENABLE_OBJC_ARC = YES;
				CLANG_ENABLE_OBJC_WEAK = YES;
				CLANG_WARN_BLOCK_CAPTURE_AUTORELEASING = YES;
				CLANG_WARN_BOOL_CONVERSION = YES;
				CLANG_WARN_COMMA = YES;
				CLANG_WARN_CONSTANT_CONVERSION = YES;
				CLANG_WARN_DEPRECATED_OBJC_IMPLEMENTATIONS = YES;
				CLANG_WARN_DIRECT_OBJC_ISA_USAGE = YES_ERROR;
				CLANG_WARN_DOCUMENTATION_COMMENTS = YES;
				CLANG_WARN_EMPTY_BODY = YES;
				CLANG_WARN_ENUM_CONVERSION = YES;
				CLANG_WARN_INFINITE_RECURSION = YES;
				CLANG_WARN_INT_CONVERSION = YES;
				CLANG_WARN_NON_LITERAL_NULL_CONVERSION = YES;
				CLANG_WARN_OBJC_IMPLICIT_RETAIN_SELF = YES;
				CLANG_WARN_OBJC_LITERAL_CONVERSION = YES;
				CLANG_WARN_OBJC_ROOT_CLASS = YES_ERROR;
				CLANG_WARN_QUOTED_INCLUDE_IN_FRAMEWORK_HEADER = YES;
				CLANG_WARN_RANGE_LOOP_ANALYSIS = YES;
				CLANG_WARN_STRICT_PROTOTYPES = YES;
				CLANG_WARN_SUSPICIOUS_MOVE = YES;
				CLANG_WARN_UNGUARDED_AVAILABILITY = YES_AGGRESSIVE;
				CLANG_WARN_UNREACHABLE_CODE = YES;
				CLANG_WARN__DUPLICATE_METHOD_MATCH = YES;
				COPY_PHASE_STRIP = NO;
				DEBUG_INFORMATION_FORMAT = dwarf;
				ENABLE_STRICT_OBJC_MSGSEND = YES;
				ENABLE_TESTABILITY = YES;
				ENABLE_USER_SCRIPT_SANDBOXING = YES;
				GCC_C_LANGUAGE_STANDARD = gnu17;
				GCC_DYNAMIC_NO_PIC = NO;
				GCC_NO_COMMON_BLOCKS = YES;
				GCC_OPTIMIZATION_LEVEL = 0;
				GCC_PREPROCESSOR_DEFINITIONS = (
					"DEBUG=1",
					"$(inherited)",
				);
				GCC_WARN_64_TO_32_BIT_CONVERSION = YES;
				GCC_WARN_ABOUT_RETURN_TYPE = YES_ERROR;
				GCC_WARN_UNDECLARED_SELECTOR = YES;
				GCC_WARN_UNINITIALIZED_AUTOS = YES_AGGRESSIVE;
				GCC_WARN_UNUSED_FUNCTION = YES;
				GCC_WARN_UNUSED_VARIABLE = YES;
				LOCALIZATION_PREFERS_STRING_CATALOGS = YES;
				MTL_ENABLE_DEBUG_INFO = INCLUDE_SOURCE;
				MTL_FAST_MATH = YES;
				ONLY_ACTIVE_ARCH = YES;
				SWIFT_ACTIVE_COMPILATION_CONDITIONS = "DEBUG $(inherited)";
				SWIFT_OPTIMIZATION_LEVEL = "-Onone";
			};
			name = Debug;
		};
		93F5F2762C8D55820031C0B0 /* Release */ = {
			isa = XCBuildConfiguration;
			buildSettings = {
				ALWAYS_SEARCH_USER_PATHS = NO;
				ASSETCATALOG_COMPILER_GENERATE_SWIFT_ASSET_SYMBOL_EXTENSIONS = YES;
				CLANG_ANALYZER_NONNULL = YES;
				CLANG_ANALYZER_NUMBER_OBJECT_CONVERSION = YES_AGGRESSIVE;
				CLANG_CXX_LANGUAGE_STANDARD = "gnu++20";
				CLANG_ENABLE_MODULES = YES;
				CLANG_ENABLE_OBJC_ARC = YES;
				CLANG_ENABLE_OBJC_WEAK = YES;
				CLANG_WARN_BLOCK_CAPTURE_AUTORELEASING = YES;
				CLANG_WARN_BOOL_CONVERSION = YES;
				CLANG_WARN_COMMA = YES;
				CLANG_WARN_CONSTANT_CONVERSION = YES;
				CLANG_WARN_DEPRECATED_OBJC_IMPLEMENTATIONS = YES;
				CLANG_WARN_DIRECT_OBJC_ISA_USAGE = YES_ERROR;
				CLANG_WARN_DOCUMENTATION_COMMENTS = YES;
				CLANG_WARN_EMPTY_BODY = YES;
				CLANG_WARN_ENUM_CONVERSION = YES;
				CLANG_WARN_INFINITE_RECURSION = YES;
				CLANG_WARN_INT_CONVERSION = YES;
				CLANG_WARN_NON_LITERAL_NULL_CONVERSION = YES;
				CLANG_WARN_OBJC_IMPLICIT_RETAIN_SELF = YES;
				CLANG_WARN_OBJC_LITERAL_CONVERSION = YES;
				CLANG_WARN_OBJC_ROOT_CLASS = YES_ERROR;
				CLANG_WARN_QUOTED_INCLUDE_IN_FRAMEWORK_HEADER = YES;
				CLANG_WARN_RANGE_LOOP_ANALYSIS = YES;
				CLANG_WARN_STRICT_PROTOTYPES = YES;
				CLANG_WARN_SUSPICIOUS_MOVE = YES;
				CLANG_WARN_UNGUARDED_AVAILABILITY = YES_AGGRESSIVE;
				CLANG_WARN_UNREACHABLE_CODE = YES;
				CLANG_WARN__DUPLICATE_METHOD_MATCH = YES;
				COPY_PHASE_STRIP = NO;
				DEBUG_INFORMATION_FORMAT = "dwarf-with-dsym";
				ENABLE_NS_ASSERTIONS = NO;
				ENABLE_STRICT_OBJC_MSGSEND = YES;
				ENABLE_USER_SCRIPT_SANDBOXING = YES;
				GCC_C_LANGUAGE_STANDARD = gnu17;
				GCC_NO_COMMON_BLOCKS = YES;
				GCC_WARN_64_TO_32_BIT_CONVERSION = YES;
				GCC_WARN_ABOUT_RETURN_TYPE = YES_ERROR;
				GCC_WARN_UNDECLARED_SELECTOR = YES;
				GCC_WARN_UNINITIALIZED_AUTOS = YES_AGGRESSIVE;
				GCC_WARN_UNUSED_FUNCTION = YES;
				GCC_WARN_UNUSED_VARIABLE = YES;
				LOCALIZATION_PREFERS_STRING_CATALOGS = YES;
				MTL_ENABLE_DEBUG_INFO = NO;
				MTL_FAST_MATH = YES;
				SWIFT_COMPILATION_MODE = wholemodule;
			};
			name = Release;
		};
		93F5F2782C8D55820031C0B0 /* Debug */ = {
			isa = XCBuildConfiguration;
			buildSettings = {
				ASSETCATALOG_COMPILER_APPICON_NAME = AppIcon;
				ASSETCATALOG_COMPILER_GLOBAL_ACCENT_COLOR_NAME = AccentColor;
				CODE_SIGN_ENTITLEMENTS = "Feet Together/Feet_Together.entitlements";
				CODE_SIGN_STYLE = Automatic;
				CURRENT_PROJECT_VERSION = 1;
				DEVELOPMENT_ASSET_PATHS = "\"Feet Together/Preview Content\"";
				DEVELOPMENT_TEAM = GF92B684W8;
				ENABLE_HARDENED_RUNTIME = YES;
				ENABLE_PREVIEWS = YES;
				GENERATE_INFOPLIST_FILE = YES;
				"INFOPLIST_KEY_UIApplicationSceneManifest_Generation[sdk=iphoneos*]" = YES;
				"INFOPLIST_KEY_UIApplicationSceneManifest_Generation[sdk=iphonesimulator*]" = YES;
				"INFOPLIST_KEY_UIApplicationSupportsIndirectInputEvents[sdk=iphoneos*]" = YES;
				"INFOPLIST_KEY_UIApplicationSupportsIndirectInputEvents[sdk=iphonesimulator*]" = YES;
				"INFOPLIST_KEY_UILaunchScreen_Generation[sdk=iphoneos*]" = YES;
				"INFOPLIST_KEY_UILaunchScreen_Generation[sdk=iphonesimulator*]" = YES;
				"INFOPLIST_KEY_UIStatusBarStyle[sdk=iphoneos*]" = UIStatusBarStyleDefault;
				"INFOPLIST_KEY_UIStatusBarStyle[sdk=iphonesimulator*]" = UIStatusBarStyleDefault;
				INFOPLIST_KEY_UISupportedInterfaceOrientations_iPad = "UIInterfaceOrientationPortrait UIInterfaceOrientationPortraitUpsideDown UIInterfaceOrientationLandscapeLeft UIInterfaceOrientationLandscapeRight";
				INFOPLIST_KEY_UISupportedInterfaceOrientations_iPhone = "UIInterfaceOrientationPortrait UIInterfaceOrientationLandscapeLeft UIInterfaceOrientationLandscapeRight";
				IPHONEOS_DEPLOYMENT_TARGET = 17.5;
				LD_RUNPATH_SEARCH_PATHS = "@executable_path/Frameworks";
				"LD_RUNPATH_SEARCH_PATHS[sdk=macosx*]" = "@executable_path/../Frameworks";
				MACOSX_DEPLOYMENT_TARGET = 14.5;
				MARKETING_VERSION = 1.0;
				PRODUCT_BUNDLE_IDENTIFIER = "cc.addleman.Feet-Together";
				PRODUCT_NAME = "$(TARGET_NAME)";
				SDKROOT = auto;
				SUPPORTED_PLATFORMS = "iphoneos iphonesimulator macosx";
				SWIFT_EMIT_LOC_STRINGS = YES;
				SWIFT_VERSION = 5.0;
				TARGETED_DEVICE_FAMILY = "1,2";
			};
			name = Debug;
		};
		93F5F2792C8D55820031C0B0 /* Release */ = {
			isa = XCBuildConfiguration;
			buildSettings = {
				ASSETCATALOG_COMPILER_APPICON_NAME = AppIcon;
				ASSETCATALOG_COMPILER_GLOBAL_ACCENT_COLOR_NAME = AccentColor;
				CODE_SIGN_ENTITLEMENTS = "Feet Together/Feet_Together.entitlements";
				CODE_SIGN_STYLE = Automatic;
				CURRENT_PROJECT_VERSION = 1;
				DEVELOPMENT_ASSET_PATHS = "\"Feet Together/Preview Content\"";
				DEVELOPMENT_TEAM = GF92B684W8;
				ENABLE_HARDENED_RUNTIME = YES;
				ENABLE_PREVIEWS = YES;
				GENERATE_INFOPLIST_FILE = YES;
				"INFOPLIST_KEY_UIApplicationSceneManifest_Generation[sdk=iphoneos*]" = YES;
				"INFOPLIST_KEY_UIApplicationSceneManifest_Generation[sdk=iphonesimulator*]" = YES;
				"INFOPLIST_KEY_UIApplicationSupportsIndirectInputEvents[sdk=iphoneos*]" = YES;
				"INFOPLIST_KEY_UIApplicationSupportsIndirectInputEvents[sdk=iphonesimulator*]" = YES;
				"INFOPLIST_KEY_UILaunchScreen_Generation[sdk=iphoneos*]" = YES;
				"INFOPLIST_KEY_UILaunchScreen_Generation[sdk=iphonesimulator*]" = YES;
				"INFOPLIST_KEY_UIStatusBarStyle[sdk=iphoneos*]" = UIStatusBarStyleDefault;
				"INFOPLIST_KEY_UIStatusBarStyle[sdk=iphonesimulator*]" = UIStatusBarStyleDefault;
				INFOPLIST_KEY_UISupportedInterfaceOrientations_iPad = "UIInterfaceOrientationPortrait UIInterfaceOrientationPortraitUpsideDown UIInterfaceOrientationLandscapeLeft UIInterfaceOrientationLandscapeRight";
				INFOPLIST_KEY_UISupportedInterfaceOrientations_iPhone = "UIInterfaceOrientationPortrait UIInterfaceOrientationLandscapeLeft UIInterfaceOrientationLandscapeRight";
				IPHONEOS_DEPLOYMENT_TARGET = 17.5;
				LD_RUNPATH_SEARCH_PATHS = "@executable_path/Frameworks";
				"LD_RUNPATH_SEARCH_PATHS[sdk=macosx*]" = "@executable_path/../Frameworks";
				MACOSX_DEPLOYMENT_TARGET = 14.5;
				MARKETING_VERSION = 1.0;
				PRODUCT_BUNDLE_IDENTIFIER = "cc.addleman.Feet-Together";
				PRODUCT_NAME = "$(TARGET_NAME)";
				SDKROOT = auto;
				SUPPORTED_PLATFORMS = "iphoneos iphonesimulator macosx";
				SWIFT_EMIT_LOC_STRINGS = YES;
				SWIFT_VERSION = 5.0;
				TARGETED_DEVICE_FAMILY = "1,2";
			};
			name = Release;
		};
		93F5F27B2C8D55820031C0B0 /* Debug */ = {
			isa = XCBuildConfiguration;
			buildSettings = {
				ALWAYS_EMBED_SWIFT_STANDARD_LIBRARIES = YES;
				BUNDLE_LOADER = "$(TEST_HOST)";
				CODE_SIGN_STYLE = Automatic;
				CURRENT_PROJECT_VERSION = 1;
				DEVELOPMENT_TEAM = GF92B684W8;
				GENERATE_INFOPLIST_FILE = YES;
				IPHONEOS_DEPLOYMENT_TARGET = 17.5;
				MACOSX_DEPLOYMENT_TARGET = 14.5;
				MARKETING_VERSION = 1.0;
				PRODUCT_BUNDLE_IDENTIFIER = "cc.addleman.Feet-TogetherTests";
				PRODUCT_NAME = "$(TARGET_NAME)";
				SDKROOT = auto;
				SUPPORTED_PLATFORMS = "iphoneos iphonesimulator macosx";
				SWIFT_EMIT_LOC_STRINGS = NO;
				SWIFT_VERSION = 5.0;
				TARGETED_DEVICE_FAMILY = "1,2";
				TEST_HOST = "$(BUILT_PRODUCTS_DIR)/Feet Together.app/$(BUNDLE_EXECUTABLE_FOLDER_PATH)/Feet Together";
			};
			name = Debug;
		};
		93F5F27C2C8D55820031C0B0 /* Release */ = {
			isa = XCBuildConfiguration;
			buildSettings = {
				ALWAYS_EMBED_SWIFT_STANDARD_LIBRARIES = YES;
				BUNDLE_LOADER = "$(TEST_HOST)";
				CODE_SIGN_STYLE = Automatic;
				CURRENT_PROJECT_VERSION = 1;
				DEVELOPMENT_TEAM = GF92B684W8;
				GENERATE_INFOPLIST_FILE = YES;
				IPHONEOS_DEPLOYMENT_TARGET = 17.5;
				MACOSX_DEPLOYMENT_TARGET = 14.5;
				MARKETING_VERSION = 1.0;
				PRODUCT_BUNDLE_IDENTIFIER = "cc.addleman.Feet-TogetherTests";
				PRODUCT_NAME = "$(TARGET_NAME)";
				SDKROOT = auto;
				SUPPORTED_PLATFORMS = "iphoneos iphonesimulator macosx";
				SWIFT_EMIT_LOC_STRINGS = NO;
				SWIFT_VERSION = 5.0;
				TARGETED_DEVICE_FAMILY = "1,2";
				TEST_HOST = "$(BUILT_PRODUCTS_DIR)/Feet Together.app/$(BUNDLE_EXECUTABLE_FOLDER_PATH)/Feet Together";
			};
			name = Release;
		};
		93F5F27E2C8D55820031C0B0 /* Debug */ = {
			isa = XCBuildConfiguration;
			buildSettings = {
				ALWAYS_EMBED_SWIFT_STANDARD_LIBRARIES = YES;
				CODE_SIGN_STYLE = Automatic;
				CURRENT_PROJECT_VERSION = 1;
				DEVELOPMENT_TEAM = GF92B684W8;
				GENERATE_INFOPLIST_FILE = YES;
				IPHONEOS_DEPLOYMENT_TARGET = 17.5;
				MACOSX_DEPLOYMENT_TARGET = 14.5;
				MARKETING_VERSION = 1.0;
				PRODUCT_BUNDLE_IDENTIFIER = "cc.addleman.Feet-TogetherUITests";
				PRODUCT_NAME = "$(TARGET_NAME)";
				SDKROOT = auto;
				SUPPORTED_PLATFORMS = "iphoneos iphonesimulator macosx";
				SWIFT_EMIT_LOC_STRINGS = NO;
				SWIFT_VERSION = 5.0;
				TARGETED_DEVICE_FAMILY = "1,2";
				TEST_TARGET_NAME = "Feet Together";
			};
			name = Debug;
		};
		93F5F27F2C8D55820031C0B0 /* Release */ = {
			isa = XCBuildConfiguration;
			buildSettings = {
				ALWAYS_EMBED_SWIFT_STANDARD_LIBRARIES = YES;
				CODE_SIGN_STYLE = Automatic;
				CURRENT_PROJECT_VERSION = 1;
				DEVELOPMENT_TEAM = GF92B684W8;
				GENERATE_INFOPLIST_FILE = YES;
				IPHONEOS_DEPLOYMENT_TARGET = 17.5;
				MACOSX_DEPLOYMENT_TARGET = 14.5;
				MARKETING_VERSION = 1.0;
				PRODUCT_BUNDLE_IDENTIFIER = "cc.addleman.Feet-TogetherUITests";
				PRODUCT_NAME = "$(TARGET_NAME)";
				SDKROOT = auto;
				SUPPORTED_PLATFORMS = "iphoneos iphonesimulator macosx";
				SWIFT_EMIT_LOC_STRINGS = NO;
				SWIFT_VERSION = 5.0;
				TARGETED_DEVICE_FAMILY = "1,2";
				TEST_TARGET_NAME = "Feet Together";
			};
			name = Release;
		};
/* End XCBuildConfiguration section */

/* Begin XCConfigurationList section */
		93F5F2482C8D55810031C0B0 /* Build configuration list for PBXProject "Feet Together" */ = {
			isa = XCConfigurationList;
			buildConfigurations = (
				93F5F2752C8D55820031C0B0 /* Debug */,
				93F5F2762C8D55820031C0B0 /* Release */,
			);
			defaultConfigurationIsVisible = 0;
			defaultConfigurationName = Release;
		};
		93F5F2772C8D55820031C0B0 /* Build configuration list for PBXNativeTarget "Feet Together" */ = {
			isa = XCConfigurationList;
			buildConfigurations = (
				93F5F2782C8D55820031C0B0 /* Debug */,
				93F5F2792C8D55820031C0B0 /* Release */,
			);
			defaultConfigurationIsVisible = 0;
			defaultConfigurationName = Release;
		};
		93F5F27A2C8D55820031C0B0 /* Build configuration list for PBXNativeTarget "Feet TogetherTests" */ = {
			isa = XCConfigurationList;
			buildConfigurations = (
				93F5F27B2C8D55820031C0B0 /* Debug */,
				93F5F27C2C8D55820031C0B0 /* Release */,
			);
			defaultConfigurationIsVisible = 0;
			defaultConfigurationName = Release;
		};
		93F5F27D2C8D55820031C0B0 /* Build configuration list for PBXNativeTarget "Feet TogetherUITests" */ = {
			isa = XCConfigurationList;
			buildConfigurations = (
				93F5F27E2C8D55820031C0B0 /* Debug */,
				93F5F27F2C8D55820031C0B0 /* Release */,
			);
			defaultConfigurationIsVisible = 0;
			defaultConfigurationName = Release;
		};
/* End XCConfigurationList section */

/* Begin XCVersionGroup section */
		93F5F2542C8D55810031C0B0 /* Feet_Together.xcdatamodeld */ = {
			isa = XCVersionGroup;
			children = (
				93F5F2552C8D55810031C0B0 /* Feet_Together.xcdatamodel */,
			);
			currentVersion = 93F5F2552C8D55810031C0B0 /* Feet_Together.xcdatamodel */;
			path = Feet_Together.xcdatamodeld;
			sourceTree = "<group>";
			versionGroupType = wrapper.xcdatamodel;
		};
/* End XCVersionGroup section */
	};
	rootObject = 93F5F2452C8D55810031C0B0 /* Project object */;
}
